
Microsoft Visual Studio Solution File, Format Version 12.00
Project("{FAE04EC0-301F-11D3-BF4B-00C04F79EFBC}") = "AI-FitMentor-API", "AI-FitMentor-API\AI-FitMentor-API.csproj", "{CA4951C1-D14F-4F24-8A22-CA074900B75C}"
EndProject
Project("{FAE04EC0-301F-11D3-BF4B-00C04F79EFBC}") = "AI-FitMentor-Lib", "AI-FitMentor-Lib\AI-FitMentor-Lib.csproj", "{6E3FA277-2327-4C3E-A23B-5ABC4DFC1B15}"
EndProject
Project("{FAE04EC0-301F-11D3-BF4B-00C04F79EFBC}") = "AI-FitMentor-BlazorApp", "AI-FitMentor-BlazorApp\AI-FitMentor-BlazorApp.csproj", "{9699E608-4080-4458-A4E5-4A6F00D10D7B}"
EndProject
Project("{FAE04EC0-301F-11D3-BF4B-00C04F79EFBC}") = "Ai-FitMentor-Shared", "Ai-FitMentor-Shared\Ai-FitMentor-Shared.csproj", "{968282D4-CBA8-4994-8CB0-F3D1270FDFD3}"
EndProject
Global
	GlobalSection(SolutionConfigurationPlatforms) = preSolution
		Debug|Any CPU = Debug|Any CPU
		Release|Any CPU = Release|Any CPU
	EndGlobalSection
	GlobalSection(ProjectConfigurationPlatforms) = postSolution
		{CA4951C1-D14F-4F24-8A22-CA074900B75C}.Debug|Any CPU.ActiveCfg = Debug|Any CPU
		{CA4951C1-D14F-4F24-8A22-CA074900B75C}.Debug|Any CPU.Build.0 = Debug|Any CPU
		{CA4951C1-D14F-4F24-8A22-CA074900B75C}.Release|Any CPU.ActiveCfg = Release|Any CPU
		{CA4951C1-D14F-4F24-8A22-CA074900B75C}.Release|Any CPU.Build.0 = Release|Any CPU
		{6E3FA277-2327-4C3E-A23B-5ABC4DFC1B15}.Debug|Any CPU.ActiveCfg = Debug|Any CPU
		{6E3FA277-2327-4C3E-A23B-5ABC4DFC1B15}.Debug|Any CPU.Build.0 = Debug|Any CPU
		{6E3FA277-2327-4C3E-A23B-5ABC4DFC1B15}.Release|Any CPU.ActiveCfg = Release|Any CPU
		{6E3FA277-2327-4C3E-A23B-5ABC4DFC1B15}.Release|Any CPU.Build.0 = Release|Any CPU
		{9699E608-4080-4458-A4E5-4A6F00D10D7B}.Debug|Any CPU.ActiveCfg = Debug|Any CPU
		{9699E608-4080-4458-A4E5-4A6F00D10D7B}.Debug|Any CPU.Build.0 = Debug|Any CPU
		{9699E608-4080-4458-A4E5-4A6F00D10D7B}.Release|Any CPU.ActiveCfg = Release|Any CPU
		{9699E608-4080-4458-A4E5-4A6F00D10D7B}.Release|Any CPU.Build.0 = Release|Any CPU
		{968282D4-CBA8-4994-8CB0-F3D1270FDFD3}.Debug|Any CPU.ActiveCfg = Debug|Any CPU
		{968282D4-CBA8-4994-8CB0-F3D1270FDFD3}.Debug|Any CPU.Build.0 = Debug|Any CPU
		{968282D4-CBA8-4994-8CB0-F3D1270FDFD3}.Release|Any CPU.ActiveCfg = Release|Any CPU
		{968282D4-CBA8-4994-8CB0-F3D1270FDFD3}.Release|Any CPU.Build.0 = Release|Any CPU
	EndGlobalSection
EndGlobal
